{
  "lockfileVersion": 1,
  "configVersion": 1,
  "workspaces": {
    "": {
      "name": "codex-usage-dashboard",
      "devDependencies": {
        "ccusage": "^20.0.18",
      },
    },
  },
  "packages": {
    "@ccusage/ccusage-darwin-arm64": ["@ccusage/ccusage-darwin-arm64@20.0.18", "", { "os": "darwin", "cpu": "arm64" }, "sha512-3Uv3ED3RyepxNyYYU/BGqfzsL+yWkzxb9gETDLn6DR1umMmoLBLz2bzOfHe1tFXpDEBcx75cj70P4Mq4WEJ/Kg=="],

    "@ccusage/ccusage-darwin-x64": ["@ccusage/ccusage-darwin-x64@20.0.18", "", { "os": "darwin", "cpu": "x64" }, "sha512-Y2NWvCsRkhbakBj0Pn9NReQnaJfsGEQRV+q4moUuVAHe2Hh40IwBjCMv5NVECHNU1TJT73WIxHpfC3mcIDL3Pw=="],

    "@ccusage/ccusage-linux-arm64": ["@ccusage/ccusage-linux-arm64@20.0.18", "", { "os": "linux", "cpu": "arm64" }, "sha512-55gGCy13tLmPV9sxRBHP5Jf6o/1hrIF4KUk/0BoawSrOPbSOQZG+8qGXTILNxrOZ4YLmPB2srTMd2vq+6K+LcA=="],

    "@ccusage/ccusage-linux-x64": ["@ccusage/ccusage-linux-x64@20.0.18", "", { "os": "linux", "cpu": "x64" }, "sha512-3bF4ZY/JFRc/kZTagriV4Mr1kmItzMM4kZHd+S3eD8Yg7KI2X4j+0n4TMO8yqgJ6aDwdj0QvhSTW7qcp0rXdCw=="],

    "@ccusage/ccusage-win32-arm64": ["@ccusage/ccusage-win32-arm64@20.0.18", "", { "os": "win32", "cpu": "arm64" }, "sha512-Iaxx9Td97M2cVrMpGRrSPTdtpFzw/Ku+lpRYlYlbnFM3AdQ+wlD3xzaYsQ+OdlmPS2DSgHzt3Cob4fgIhvHpbA=="],

    "@ccusage/ccusage-win32-x64": ["@ccusage/ccusage-win32-x64@20.0.18", "", { "os": "win32", "cpu": "x64" }, "sha512-2DaCLgoVsVfxijdrOupR3+x4tbPJTmdIcIVyxkzMRJAa5U6dIWzc/WBtaDruir/CfTrwyZvj1CPdfKVTKDoCDA=="],

    "ccusage": ["ccusage@20.0.18", "", { "optionalDependencies": { "@ccusage/ccusage-darwin-arm64": "20.0.18", "@ccusage/ccusage-darwin-x64": "20.0.18", "@ccusage/ccusage-linux-arm64": "20.0.18", "@ccusage/ccusage-linux-x64": "20.0.18", "@ccusage/ccusage-win32-arm64": "20.0.18", "@ccusage/ccusage-win32-x64": "20.0.18" }, "bin": { "ccusage": "./src/cli.js" } }, "sha512-/81kwSZg487xoHQadEdcP4hqw9GICkaPtVjSM1HHJ4nBplUByX9tSZF7YIaQQWMcWZ5Gzt0cD2yDEFrgcAkrZg=="],
  }
}
